{
  "name": "unchained",
  "version": "0.0.0",
  "lockfileVersion": 1,
  "requires": true,
  "dependencies": {
    "d3": {
      "version": "3.5.17",
      "resolved": "https://registry.npmjs.org/d3/-/d3-3.5.17.tgz",
      "integrity": "sha1-vEZ0gAQ3iyGjYMn8fPUjF5B2L7g="
    },
    "ng2-nvd3": {
      "version": "2.0.0-rc3",
      "resolved": "https://registry.npmjs.org/ng2-nvd3/-/ng2-nvd3-2.0.0-rc3.tgz",
      "integrity": "sha512-q2qo4Qdc5Eaz3H0W+JYKvzEAUpnAviEEZQnneSwSyZV0LCFxWErvau4WXtunfl7p7v8+YyGOXOv/3B5FK3hHzA==",
      "requires": {
        "d3": "3.5.17",
        "nvd3": "1.8.5",
        "reflect-metadata": "0.1.10",
        "rxjs": "5.2.0"
      },
      "dependencies": {
        "reflect-metadata": {
          "version": "0.1.10",
          "resolved": "https://registry.npmjs.org/reflect-metadata/-/reflect-metadata-0.1.10.tgz",
          "integrity": "sha1-tPg3BEFqytiZiMmxVjXUfgO5NEo="
        },
        "rxjs": {
          "version": "5.2.0",
          "resolved": "https://registry.npmjs.org/rxjs/-/rxjs-5.2.0.tgz",
          "integrity": "sha1-21N96HZ8BfpzchWHop4AhTB9MYs=",
          "requires": {
            "symbol-observable": "1.0.4"
          }
        }
      }
    },
    "nvd3": {
      "version": "1.8.5",
      "resolved": "https://registry.npmjs.org/nvd3/-/nvd3-1.8.5.tgz",
      "integrity": "sha1-lKDJj/HDNmtyH6eocFs8bp6va7Y="
    },
    "symbol-observable": {
      "version": "1.0.4",
      "resolved": "https://registry.npmjs.org/symbol-observable/-/symbol-observable-1.0.4.tgz",
      "integrity": "sha1-Kb9hXUqnEhvdiYsi1LP5vE4qoD0="
    }
  }
}
